
Microsoft Visual Studio Solution File, Format Version 12.00
# Visual Studio Version 17
VisualStudioVersion = 17.8.34511.84
MinimumVisualStudioVersion = 10.0.40219.1
Project("{FAE04EC0-301F-11D3-BF4B-00C04F79EFBC}") = "AhmadConverter", "AhmadConverter\AhmadConverter.csproj", "{614283AD-7D80-43C6-B006-AA8B61D86FDE}"
EndProject
Global
	GlobalSection(SolutionConfigurationPlatforms) = preSolution
		Debug|Any CPU = Debug|Any CPU
		Release|Any CPU = Release|Any CPU
	EndGlobalSection
	GlobalSection(ProjectConfigurationPlatforms) = postSolution
		{614283AD-7D80-43C6-B006-AA8B61D86FDE}.Debug|Any CPU.ActiveCfg = Debug|Any CPU
		{614283AD-7D80-43C6-B006-AA8B61D86FDE}.Debug|Any CPU.Build.0 = Debug|Any CPU
		{614283AD-7D80-43C6-B006-AA8B61D86FDE}.Release|Any CPU.ActiveCfg = Release|Any CPU
		{614283AD-7D80-43C6-B006-AA8B61D86FDE}.Release|Any CPU.Build.0 = Release|Any CPU
	EndGlobalSection
	GlobalSection(SolutionProperties) = preSolution
		HideSolutionNode = FALSE
	EndGlobalSection
	GlobalSection(ExtensibilityGlobals) = postSolution
		SolutionGuid = {F5F8C45E-8607-4A80-A9B8-5D6CD28E0196}
	EndGlobalSection
EndGlobal
